
Microsoft Visual Studio Solution File, Format Version 12.00
# Visual Studio Version 16
VisualStudioVersion = 16.0.30907.101
MinimumVisualStudioVersion = 10.0.40219.1
Project("{2150E333-8FDC-42A3-9474-1A3956D46DE8}") = "src", "src", "{EE5E41AC-CE39-4111-9428-9AFA26A8EC20}"
EndProject
Project("{2150E333-8FDC-42A3-9474-1A3956D46DE8}") = "Contact", "Contact", "{ECB56810-20AB-4718-9FCC-6A4F46ED5ADB}"
EndProject
Project("{9A19103F-16F7-4668-BE54-9A1E7A4F7556}") = "Contact.API", "src\Contact\Contact.API\Contact.API.csproj", "{6619A207-A817-44C4-ADB5-734FC39857D6}"
EndProject
Project("{2150E333-8FDC-42A3-9474-1A3956D46DE8}") = "Common", "Common", "{D3383753-7F90-4550-8426-A8CE32F04C1B}"
EndProject
Project("{9A19103F-16F7-4668-BE54-9A1E7A4F7556}") = "EventBusRabbitMQ", "src\Common\EventBusRabbitMQ\EventBusRabbitMQ.csproj", "{3781FF3D-AB95-4D33-9370-723B579FB2BE}"
EndProject
Project("{2150E333-8FDC-42A3-9474-1A3956D46DE8}") = "Report", "Report", "{69CA4763-CB97-463C-BFD7-520B5C86B3DB}"
EndProject
Project("{FAE04EC0-301F-11D3-BF4B-00C04F79EFBC}") = "Report.API", "src\Report\Report.API\Report.API.csproj", "{65851E41-F438-4FA8-8200-95A85622AD2E}"
EndProject
Global
	GlobalSection(SolutionConfigurationPlatforms) = preSolution
		Debug|Any CPU = Debug|Any CPU
		Release|Any CPU = Release|Any CPU
	EndGlobalSection
	GlobalSection(ProjectConfigurationPlatforms) = postSolution
		{6619A207-A817-44C4-ADB5-734FC39857D6}.Debug|Any CPU.ActiveCfg = Debug|Any CPU
		{6619A207-A817-44C4-ADB5-734FC39857D6}.Debug|Any CPU.Build.0 = Debug|Any CPU
		{6619A207-A817-44C4-ADB5-734FC39857D6}.Release|Any CPU.ActiveCfg = Release|Any CPU
		{6619A207-A817-44C4-ADB5-734FC39857D6}.Release|Any CPU.Build.0 = Release|Any CPU
		{3781FF3D-AB95-4D33-9370-723B579FB2BE}.Debug|Any CPU.ActiveCfg = Debug|Any CPU
		{3781FF3D-AB95-4D33-9370-723B579FB2BE}.Debug|Any CPU.Build.0 = Debug|Any CPU
		{3781FF3D-AB95-4D33-9370-723B579FB2BE}.Release|Any CPU.ActiveCfg = Release|Any CPU
		{3781FF3D-AB95-4D33-9370-723B579FB2BE}.Release|Any CPU.Build.0 = Release|Any CPU
		{65851E41-F438-4FA8-8200-95A85622AD2E}.Debug|Any CPU.ActiveCfg = Debug|Any CPU
		{65851E41-F438-4FA8-8200-95A85622AD2E}.Debug|Any CPU.Build.0 = Debug|Any CPU
		{65851E41-F438-4FA8-8200-95A85622AD2E}.Release|Any CPU.ActiveCfg = Release|Any CPU
		{65851E41-F438-4FA8-8200-95A85622AD2E}.Release|Any CPU.Build.0 = Release|Any CPU
	EndGlobalSection
	GlobalSection(SolutionProperties) = preSolution
		HideSolutionNode = FALSE
	EndGlobalSection
	GlobalSection(NestedProjects) = preSolution
		{ECB56810-20AB-4718-9FCC-6A4F46ED5ADB} = {EE5E41AC-CE39-4111-9428-9AFA26A8EC20}
		{6619A207-A817-44C4-ADB5-734FC39857D6} = {ECB56810-20AB-4718-9FCC-6A4F46ED5ADB}
		{D3383753-7F90-4550-8426-A8CE32F04C1B} = {EE5E41AC-CE39-4111-9428-9AFA26A8EC20}
		{3781FF3D-AB95-4D33-9370-723B579FB2BE} = {D3383753-7F90-4550-8426-A8CE32F04C1B}
		{69CA4763-CB97-463C-BFD7-520B5C86B3DB} = {EE5E41AC-CE39-4111-9428-9AFA26A8EC20}
		{65851E41-F438-4FA8-8200-95A85622AD2E} = {69CA4763-CB97-463C-BFD7-520B5C86B3DB}
	EndGlobalSection
	GlobalSection(ExtensibilityGlobals) = postSolution
		SolutionGuid = {0CA8F70B-AA91-437C-B35C-3D8E63106EC1}
	EndGlobalSection
EndGlobal
